
Microsoft Visual Studio Solution File, Format Version 12.00
# Visual Studio Version 17
VisualStudioVersion = 17.4.33110.190
MinimumVisualStudioVersion = 10.0.40219.1
Project("{2150E333-8FDC-42A3-9474-1A3956D46DE8}") = "api", "api", "{1C985AC4-99A4-4251-B13D-494FF4CB732E}"
EndProject
Project("{2150E333-8FDC-42A3-9474-1A3956D46DE8}") = "client", "client", "{C3312976-FB38-40CC-941A-AAC11E40CCF8}"
EndProject
Project("{2150E333-8FDC-42A3-9474-1A3956D46DE8}") = "server", "server", "{81500BDF-2CD8-4478-B582-C72AAA5D0909}"
EndProject
Project("{2150E333-8FDC-42A3-9474-1A3956D46DE8}") = "tests", "tests", "{ED772976-76D5-4039-82D6-04655952A250}"
EndProject
Project("{9A19103F-16F7-4668-BE54-9A1E7A4F7556}") = "Faliush.ContactManager.Api", "Faliush.ContactManager.Api\Faliush.ContactManager.Api.csproj", "{11F8F0BA-1471-4322-9E68-B52495803960}"
EndProject
Project("{9A19103F-16F7-4668-BE54-9A1E7A4F7556}") = "Faliush.ContactManager.Core", "Faliush.ContactManager.Core\Faliush.ContactManager.Core.csproj", "{E2887676-A2E0-4F94-98C7-812DB01DC588}"
EndProject
Project("{9A19103F-16F7-4668-BE54-9A1E7A4F7556}") = "Faliush.ContactManager.Infrastructure", "Faliush.ContactManager.Infrastructure\Faliush.ContactManager.Infrastructure.csproj", "{DED56670-6D46-4939-9D29-4F726A8AED3A}"
EndProject
Project("{9A19103F-16F7-4668-BE54-9A1E7A4F7556}") = "Faliush.ContactManager.Models", "Faliush.ContactManager.Models\Faliush.ContactManager.Models.csproj", "{3655E628-15E5-4E2F-B219-1957B69A5679}"
EndProject
Project("{9A19103F-16F7-4668-BE54-9A1E7A4F7556}") = "IdentityServer", "IdentityServer\IdentityServer.csproj", "{33381083-AFEE-45A3-8A2A-31E489D5CB03}"
EndProject
Project("{FAE04EC0-301F-11D3-BF4B-00C04F79EFBC}") = "BlazorClient", "BlazorClient\BlazorClient.csproj", "{2299AEFF-180B-4E15-BB24-CEAB867688D4}"
EndProject
Global
	GlobalSection(SolutionConfigurationPlatforms) = preSolution
		Debug|Any CPU = Debug|Any CPU
		Release|Any CPU = Release|Any CPU
	EndGlobalSection
	GlobalSection(ProjectConfigurationPlatforms) = postSolution
		{11F8F0BA-1471-4322-9E68-B52495803960}.Debug|Any CPU.ActiveCfg = Debug|Any CPU
		{11F8F0BA-1471-4322-9E68-B52495803960}.Debug|Any CPU.Build.0 = Debug|Any CPU
		{11F8F0BA-1471-4322-9E68-B52495803960}.Release|Any CPU.ActiveCfg = Release|Any CPU
		{11F8F0BA-1471-4322-9E68-B52495803960}.Release|Any CPU.Build.0 = Release|Any CPU
		{E2887676-A2E0-4F94-98C7-812DB01DC588}.Debug|Any CPU.ActiveCfg = Debug|Any CPU
		{E2887676-A2E0-4F94-98C7-812DB01DC588}.Debug|Any CPU.Build.0 = Debug|Any CPU
		{E2887676-A2E0-4F94-98C7-812DB01DC588}.Release|Any CPU.ActiveCfg = Release|Any CPU
		{E2887676-A2E0-4F94-98C7-812DB01DC588}.Release|Any CPU.Build.0 = Release|Any CPU
		{DED56670-6D46-4939-9D29-4F726A8AED3A}.Debug|Any CPU.ActiveCfg = Debug|Any CPU
		{DED56670-6D46-4939-9D29-4F726A8AED3A}.Debug|Any CPU.Build.0 = Debug|Any CPU
		{DED56670-6D46-4939-9D29-4F726A8AED3A}.Release|Any CPU.ActiveCfg = Release|Any CPU
		{DED56670-6D46-4939-9D29-4F726A8AED3A}.Release|Any CPU.Build.0 = Release|Any CPU
		{3655E628-15E5-4E2F-B219-1957B69A5679}.Debug|Any CPU.ActiveCfg = Debug|Any CPU
		{3655E628-15E5-4E2F-B219-1957B69A5679}.Debug|Any CPU.Build.0 = Debug|Any CPU
		{3655E628-15E5-4E2F-B219-1957B69A5679}.Release|Any CPU.ActiveCfg = Release|Any CPU
		{3655E628-15E5-4E2F-B219-1957B69A5679}.Release|Any CPU.Build.0 = Release|Any CPU
		{33381083-AFEE-45A3-8A2A-31E489D5CB03}.Debug|Any CPU.ActiveCfg = Debug|Any CPU
		{33381083-AFEE-45A3-8A2A-31E489D5CB03}.Debug|Any CPU.Build.0 = Debug|Any CPU
		{33381083-AFEE-45A3-8A2A-31E489D5CB03}.Release|Any CPU.ActiveCfg = Release|Any CPU
		{33381083-AFEE-45A3-8A2A-31E489D5CB03}.Release|Any CPU.Build.0 = Release|Any CPU
		{2299AEFF-180B-4E15-BB24-CEAB867688D4}.Debug|Any CPU.ActiveCfg = Debug|Any CPU
		{2299AEFF-180B-4E15-BB24-CEAB867688D4}.Debug|Any CPU.Build.0 = Debug|Any CPU
		{2299AEFF-180B-4E15-BB24-CEAB867688D4}.Release|Any CPU.ActiveCfg = Release|Any CPU
		{2299AEFF-180B-4E15-BB24-CEAB867688D4}.Release|Any CPU.Build.0 = Release|Any CPU
	EndGlobalSection
	GlobalSection(SolutionProperties) = preSolution
		HideSolutionNode = FALSE
	EndGlobalSection
	GlobalSection(NestedProjects) = preSolution
		{11F8F0BA-1471-4322-9E68-B52495803960} = {1C985AC4-99A4-4251-B13D-494FF4CB732E}
		{E2887676-A2E0-4F94-98C7-812DB01DC588} = {1C985AC4-99A4-4251-B13D-494FF4CB732E}
		{DED56670-6D46-4939-9D29-4F726A8AED3A} = {1C985AC4-99A4-4251-B13D-494FF4CB732E}
		{3655E628-15E5-4E2F-B219-1957B69A5679} = {1C985AC4-99A4-4251-B13D-494FF4CB732E}
		{33381083-AFEE-45A3-8A2A-31E489D5CB03} = {81500BDF-2CD8-4478-B582-C72AAA5D0909}
		{2299AEFF-180B-4E15-BB24-CEAB867688D4} = {C3312976-FB38-40CC-941A-AAC11E40CCF8}
	EndGlobalSection
	GlobalSection(ExtensibilityGlobals) = postSolution
		SolutionGuid = {845FD1E0-9A73-429E-B536-A9C154447A08}
	EndGlobalSection
EndGlobal
